
Microsoft Visual Studio Solution File, Format Version 12.00
# Visual Studio Version 16
VisualStudioVersion = 16.0.29009.5
MinimumVisualStudioVersion = 10.0.40219.1
Project("{FAE04EC0-301F-11D3-BF4B-00C04F79EFBC}") = "GithubDataCollector", "GithubDataCollector\GithubDataCollector.csproj", "{9AF9BB50-2583-4BF3-8463-C17A59AC46A6}"
EndProject
Global
	GlobalSection(SolutionConfigurationPlatforms) = preSolution
		Debug|Any CPU = Debug|Any CPU
		Release|Any CPU = Release|Any CPU
	EndGlobalSection
	GlobalSection(ProjectConfigurationPlatforms) = postSolution
		{9AF9BB50-2583-4BF3-8463-C17A59AC46A6}.Debug|Any CPU.ActiveCfg = Debug|Any CPU
		{9AF9BB50-2583-4BF3-8463-C17A59AC46A6}.Debug|Any CPU.Build.0 = Debug|Any CPU
		{9AF9BB50-2583-4BF3-8463-C17A59AC46A6}.Release|Any CPU.ActiveCfg = Release|Any CPU
		{9AF9BB50-2583-4BF3-8463-C17A59AC46A6}.Release|Any CPU.Build.0 = Release|Any CPU
	EndGlobalSection
	GlobalSection(SolutionProperties) = preSolution
		HideSolutionNode = FALSE
	EndGlobalSection
	GlobalSection(ExtensibilityGlobals) = postSolution
		SolutionGuid = {80F5ABC5-6FE7-47EF-AAC5-9E33D5F24E7E}
	EndGlobalSection
EndGlobal
